// !$*UTF8*$!
{
	archiveVersion = 1;
	classes = {
	};
	objectVersion = 51;
	objects = {

/* Begin PBXBuildFile section */
		3D09A9D5A8C14658E2C058F3 /* Pods_StocksApp.framework in Frameworks */ = {isa = PBXBuildFile; fileRef = D4EFAA548C7E9E68B28EB8FB /* Pods_StocksApp.framework */; };
		5C24500E2605E4FA00DDC91E /* FHStock.swift in Sources */ = {isa = PBXBuildFile; fileRef = 5C24500B2605E4FA00DDC91E /* FHStock.swift */; };
		5C24500F2605E4FA00DDC91E /* FHCompanyInfo.swift in Sources */ = {isa = PBXBuildFile; fileRef = 5C24500C2605E4FA00DDC91E /* FHCompanyInfo.swift */; };
		5C2450102605E4FA00DDC91E /* FHQuote.swift in Sources */ = {isa = PBXBuildFile; fileRef = 5C24500D2605E4FA00DDC91E /* FHQuote.swift */; };
		5C2450192605F65300DDC91E /* SearchViewController.swift in Sources */ = {isa = PBXBuildFile; fileRef = 5C2450182605F65300DDC91E /* SearchViewController.swift */; };
		5C2F705725F7F43A007C613A /* AppDelegate.swift in Sources */ = {isa = PBXBuildFile; fileRef = 5C2F705625F7F43A007C613A /* AppDelegate.swift */; };
		5C2F705925F7F43A007C613A /* SceneDelegate.swift in Sources */ = {isa = PBXBuildFile; fileRef = 5C2F705825F7F43A007C613A /* SceneDelegate.swift */; };
		5C2F705B25F7F43A007C613A /* MainViewController.swift in Sources */ = {isa = PBXBuildFile; fileRef = 5C2F705A25F7F43A007C613A /* MainViewController.swift */; };
		5C2F705E25F7F43A007C613A /* Main.storyboard in Resources */ = {isa = PBXBuildFile; fileRef = 5C2F705C25F7F43A007C613A /* Main.storyboard */; };
		5C2F706025F7F43B007C613A /* Assets.xcassets in Resources */ = {isa = PBXBuildFile; fileRef = 5C2F705F25F7F43B007C613A /* Assets.xcassets */; };
		5C2F706325F7F43B007C613A /* LaunchScreen.storyboard in Resources */ = {isa = PBXBuildFile; fileRef = 5C2F706125F7F43B007C613A /* LaunchScreen.storyboard */; };
		5C2F707725F7F80C007C613A /* StockCell.swift in Sources */ = {isa = PBXBuildFile; fileRef = 5C2F707525F7F80C007C613A /* StockCell.swift */; };
		5C2F707825F7F80C007C613A /* StockCell.xib in Resources */ = {isa = PBXBuildFile; fileRef = 5C2F707625F7F80C007C613A /* StockCell.xib */; };
		5C2F707E25F7F8BB007C613A /* Constants.swift in Sources */ = {isa = PBXBuildFile; fileRef = 5C2F707D25F7F8BB007C613A /* Constants.swift */; };
		5C2F708125F82774007C613A /* FHProvider.swift in Sources */ = {isa = PBXBuildFile; fileRef = 5C2F708025F82774007C613A /* FHProvider.swift */; };
		5CA8978225FA9A5F001D5860 /* StockModel.swift in Sources */ = {isa = PBXBuildFile; fileRef = 5CA8978125FA9A5F001D5860 /* StockModel.swift */; };
		5CAEBA262608FC4000280A11 /* Provider.swift in Sources */ = {isa = PBXBuildFile; fileRef = 5CAEBA252608FC4000280A11 /* Provider.swift */; };
		5CAEBA3326090B6900280A11 /* StockItem.swift in Sources */ = {isa = PBXBuildFile; fileRef = 5CAEBA3226090B6900280A11 /* StockItem.swift */; };
		5CAEBA42260A693000280A11 /* FHStockCandles.swift in Sources */ = {isa = PBXBuildFile; fileRef = 5CAEBA41260A693000280A11 /* FHStockCandles.swift */; };
		5CAEBA4D260BBD8300280A11 /* FHResolution.swift in Sources */ = {isa = PBXBuildFile; fileRef = 5CAEBA4C260BBD8300280A11 /* FHResolution.swift */; };
		5CCB0567260899D700B658E5 /* DetailViewController.swift in Sources */ = {isa = PBXBuildFile; fileRef = 5CCB0566260899D700B658E5 /* DetailViewController.swift */; };
/* End PBXBuildFile section */

/* Begin PBXFileReference section */
		3BA08C0555C4C02C303A5353 /* Pods-StocksApp.debug.xcconfig */ = {isa = PBXFileReference; includeInIndex = 1; lastKnownFileType = text.xcconfig; name = "Pods-StocksApp.debug.xcconfig"; path = "Target Support Files/Pods-StocksApp/Pods-StocksApp.debug.xcconfig"; sourceTree = "<group>"; };
		5C24500B2605E4FA00DDC91E /* FHStock.swift */ = {isa = PBXFileReference; fileEncoding = 4; lastKnownFileType = sourcecode.swift; path = FHStock.swift; sourceTree = "<group>"; };
		5C24500C2605E4FA00DDC91E /* FHCompanyInfo.swift */ = {isa = PBXFileReference; fileEncoding = 4; lastKnownFileType = sourcecode.swift; path = FHCompanyInfo.swift; sourceTree = "<group>"; };
		5C24500D2605E4FA00DDC91E /* FHQuote.swift */ = {isa = PBXFileReference; fileEncoding = 4; lastKnownFileType = sourcecode.swift; path = FHQuote.swift; sourceTree = "<group>"; };
		5C2450182605F65300DDC91E /* SearchViewController.swift */ = {isa = PBXFileReference; lastKnownFileType = sourcecode.swift; path = SearchViewController.swift; sourceTree = "<group>"; };
		5C2F705325F7F43A007C613A /* StocksApp.app */ = {isa = PBXFileReference; explicitFileType = wrapper.application; includeInIndex = 0; path = StocksApp.app; sourceTree = BUILT_PRODUCTS_DIR; };
		5C2F705625F7F43A007C613A /* AppDelegate.swift */ = {isa = PBXFileReference; lastKnownFileType = sourcecode.swift; path = AppDelegate.swift; sourceTree = "<group>"; };
		5C2F705825F7F43A007C613A /* SceneDelegate.swift */ = {isa = PBXFileReference; lastKnownFileType = sourcecode.swift; path = SceneDelegate.swift; sourceTree = "<group>"; };
		5C2F705A25F7F43A007C613A /* MainViewController.swift */ = {isa = PBXFileReference; lastKnownFileType = sourcecode.swift; path = MainViewController.swift; sourceTree = "<group>"; };
		5C2F705D25F7F43A007C613A /* Base */ = {isa = PBXFileReference; lastKnownFileType = file.storyboard; name = Base; path = Base.lproj/Main.storyboard; sourceTree = "<group>"; };
		5C2F705F25F7F43B007C613A /* Assets.xcassets */ = {isa = PBXFileReference; lastKnownFileType = folder.assetcatalog; path = Assets.xcassets; sourceTree = "<group>"; };
		5C2F706225F7F43B007C613A /* Base */ = {isa = PBXFileReference; lastKnownFileType = file.storyboard; name = Base; path = Base.lproj/LaunchScreen.storyboard; sourceTree = "<group>"; };
		5C2F706425F7F43B007C613A /* Info.plist */ = {isa = PBXFileReference; lastKnownFileType = text.plist.xml; path = Info.plist; sourceTree = "<group>"; };
		5C2F707525F7F80C007C613A /* StockCell.swift */ = {isa = PBXFileReference; lastKnownFileType = sourcecode.swift; path = StockCell.swift; sourceTree = "<group>"; };
		5C2F707625F7F80C007C613A /* StockCell.xib */ = {isa = PBXFileReference; lastKnownFileType = file.xib; path = StockCell.xib; sourceTree = "<group>"; };
		5C2F707D25F7F8BB007C613A /* Constants.swift */ = {isa = PBXFileReference; lastKnownFileType = sourcecode.swift; path = Constants.swift; sourceTree = "<group>"; };
		5C2F708025F82774007C613A /* FHProvider.swift */ = {isa = PBXFileReference; lastKnownFileType = sourcecode.swift; path = FHProvider.swift; sourceTree = "<group>"; };
		5CA8978125FA9A5F001D5860 /* StockModel.swift */ = {isa = PBXFileReference; lastKnownFileType = sourcecode.swift; path = StockModel.swift; sourceTree = "<group>"; };
		5CAEBA252608FC4000280A11 /* Provider.swift */ = {isa = PBXFileReference; lastKnownFileType = sourcecode.swift; path = Provider.swift; sourceTree = "<group>"; };
		5CAEBA3226090B6900280A11 /* StockItem.swift */ = {isa = PBXFileReference; fileEncoding = 4; lastKnownFileType = sourcecode.swift; path = StockItem.swift; sourceTree = "<group>"; };
		5CAEBA41260A693000280A11 /* FHStockCandles.swift */ = {isa = PBXFileReference; lastKnownFileType = sourcecode.swift; path = FHStockCandles.swift; sourceTree = "<group>"; };
		5CAEBA4C260BBD8300280A11 /* FHResolution.swift */ = {isa = PBXFileReference; lastKnownFileType = sourcecode.swift; path = FHResolution.swift; sourceTree = "<group>"; };
		5CCB0566260899D700B658E5 /* DetailViewController.swift */ = {isa = PBXFileReference; lastKnownFileType = sourcecode.swift; path = DetailViewController.swift; sourceTree = "<group>"; usesTabs = 0; wrapsLines = 1; };
		AD0E2097A3442F0476048AF5 /* Pods-StocksApp.release.xcconfig */ = {isa = PBXFileReference; includeInIndex = 1; lastKnownFileType = text.xcconfig; name = "Pods-StocksApp.release.xcconfig"; path = "Target Support Files/Pods-StocksApp/Pods-StocksApp.release.xcconfig"; sourceTree = "<group>"; };
		D4EFAA548C7E9E68B28EB8FB /* Pods_StocksApp.framework */ = {isa = PBXFileReference; explicitFileType = wrapper.framework; includeInIndex = 0; path = Pods_StocksApp.framework; sourceTree = BUILT_PRODUCTS_DIR; };
/* End PBXFileReference section */

/* Begin PBXFrameworksBuildPhase section */
		5C2F705025F7F43A007C613A /* Frameworks */ = {
			isa = PBXFrameworksBuildPhase;
			buildActionMask = 2147483647;
			files = (
				3D09A9D5A8C14658E2C058F3 /* Pods_StocksApp.framework in Frameworks */,
			);
			runOnlyForDeploymentPostprocessing = 0;
		};
/* End PBXFrameworksBuildPhase section */

/* Begin PBXGroup section */
		18D8AC867997E39943258014 /* Frameworks */ = {
			isa = PBXGroup;
			children = (
				D4EFAA548C7E9E68B28EB8FB /* Pods_StocksApp.framework */,
			);
			name = Frameworks;
			sourceTree = "<group>";
		};
		2F308E673522A2057CDA4C8F /* Pods */ = {
			isa = PBXGroup;
			children = (
				3BA08C0555C4C02C303A5353 /* Pods-StocksApp.debug.xcconfig */,
				AD0E2097A3442F0476048AF5 /* Pods-StocksApp.release.xcconfig */,
			);
			path = Pods;
			sourceTree = "<group>";
		};
		5C2F704A25F7F43A007C613A = {
			isa = PBXGroup;
			children = (
				5C2F705525F7F43A007C613A /* StocksApp */,
				5C2F705425F7F43A007C613A /* Products */,
				2F308E673522A2057CDA4C8F /* Pods */,
				18D8AC867997E39943258014 /* Frameworks */,
			);
			sourceTree = "<group>";
		};
		5C2F705425F7F43A007C613A /* Products */ = {
			isa = PBXGroup;
			children = (
				5C2F705325F7F43A007C613A /* StocksApp.app */,
			);
			name = Products;
			sourceTree = "<group>";
		};
		5C2F705525F7F43A007C613A /* StocksApp */ = {
			isa = PBXGroup;
			children = (
				5C2F705625F7F43A007C613A /* AppDelegate.swift */,
				5C2F705825F7F43A007C613A /* SceneDelegate.swift */,
				5C4E784F25FCF3A500A62A04 /* Models */,
				5C4E785125FCF40300A62A04 /* Views */,
				5C4E784E25FCF38000A62A04 /* Controllers */,
				5C2F707D25F7F8BB007C613A /* Constants.swift */,
				5C2F705F25F7F43B007C613A /* Assets.xcassets */,
				5C2F706125F7F43B007C613A /* LaunchScreen.storyboard */,
				5C2F706425F7F43B007C613A /* Info.plist */,
			);
			path = StocksApp;
			sourceTree = "<group>";
		};
		5C4E784E25FCF38000A62A04 /* Controllers */ = {
			isa = PBXGroup;
			children = (
				5C2F705A25F7F43A007C613A /* MainViewController.swift */,
				5C2450182605F65300DDC91E /* SearchViewController.swift */,
				5CCB0566260899D700B658E5 /* DetailViewController.swift */,
			);
			path = Controllers;
			sourceTree = "<group>";
		};
		5C4E784F25FCF3A500A62A04 /* Models */ = {
			isa = PBXGroup;
			children = (
				5CA8978125FA9A5F001D5860 /* StockModel.swift */,
				5C2F708025F82774007C613A /* FHProvider.swift */,
				5CAEBA252608FC4000280A11 /* Provider.swift */,
				5CAEBA3226090B6900280A11 /* StockItem.swift */,
				5CA8978525FA9D7A001D5860 /* FinnHub Types */,
			);
			path = Models;
			sourceTree = "<group>";
		};
		5C4E785125FCF40300A62A04 /* Views */ = {
			isa = PBXGroup;
			children = (
				5C2F705C25F7F43A007C613A /* Main.storyboard */,
				5C2F707625F7F80C007C613A /* StockCell.xib */,
				5C2F707525F7F80C007C613A /* StockCell.swift */,
			);
			path = Views;
			sourceTree = "<group>";
		};
		5CA8978525FA9D7A001D5860 /* FinnHub Types */ = {
			isa = PBXGroup;
			children = (
				5C24500C2605E4FA00DDC91E /* FHCompanyInfo.swift */,
				5C24500D2605E4FA00DDC91E /* FHQuote.swift */,
				5C24500B2605E4FA00DDC91E /* FHStock.swift */,
				5CAEBA41260A693000280A11 /* FHStockCandles.swift */,
				5CAEBA4C260BBD8300280A11 /* FHResolution.swift */,
			);
			path = "FinnHub Types";
			sourceTree = "<group>";
		};
/* End PBXGroup section */

/* Begin PBXNativeTarget section */
		5C2F705225F7F43A007C613A /* StocksApp */ = {
			isa = PBXNativeTarget;
			buildConfigurationList = 5C2F706725F7F43B007C613A /* Build configuration list for PBXNativeTarget "StocksApp" */;
			buildPhases = (
				65A2764E750B55B84CDBDEE9 /* [CP] Check Pods Manifest.lock */,
				5C2F704F25F7F43A007C613A /* Sources */,
				5C2F705025F7F43A007C613A /* Frameworks */,
				5C2F705125F7F43A007C613A /* Resources */,
				ECDEEAFCE6446BD09DC3AD50 /* [CP] Embed Pods Frameworks */,
			);
			buildRules = (
			);
			dependencies = (
			);
			name = StocksApp;
			productName = StocksApp;
			productReference = 5C2F705325F7F43A007C613A /* StocksApp.app */;
			productType = "com.apple.product-type.application";
		};
/* End PBXNativeTarget section */

/* Begin PBXProject section */
		5C2F704B25F7F43A007C613A /* Project object */ = {
			isa = PBXProject;
			attributes = {
				LastSwiftUpdateCheck = 1240;
				LastUpgradeCheck = 1240;
				TargetAttributes = {
					5C2F705225F7F43A007C613A = {
						CreatedOnToolsVersion = 12.4;
					};
				};
			};
			buildConfigurationList = 5C2F704E25F7F43A007C613A /* Build configuration list for PBXProject "StocksApp" */;
			compatibilityVersion = "Xcode 9.3";
			developmentRegion = en;
			hasScannedForEncodings = 0;
			knownRegions = (
				en,
				Base,
			);
			mainGroup = 5C2F704A25F7F43A007C613A;
			productRefGroup = 5C2F705425F7F43A007C613A /* Products */;
			projectDirPath = "";
			projectRoot = "";
			targets = (
				5C2F705225F7F43A007C613A /* StocksApp */,
			);
		};
/* End PBXProject section */

/* Begin PBXResourcesBuildPhase section */
		5C2F705125F7F43A007C613A /* Resources */ = {
			isa = PBXResourcesBuildPhase;
			buildActionMask = 2147483647;
			files = (
				5C2F706325F7F43B007C613A /* LaunchScreen.storyboard in Resources */,
				5C2F706025F7F43B007C613A /* Assets.xcassets in Resources */,
				5C2F707825F7F80C007C613A /* StockCell.xib in Resources */,
				5C2F705E25F7F43A007C613A /* Main.storyboard in Resources */,
			);
			runOnlyForDeploymentPostprocessing = 0;
		};
/* End PBXResourcesBuildPhase section */

/* Begin PBXShellScriptBuildPhase section */
		65A2764E750B55B84CDBDEE9 /* [CP] Check Pods Manifest.lock */ = {
			isa = PBXShellScriptBuildPhase;
			buildActionMask = 2147483647;
			files = (
			);
			inputFileListPaths = (
			);
			inputPaths = (
				"${PODS_PODFILE_DIR_PATH}/Podfile.lock",
				"${PODS_ROOT}/Manifest.lock",
			);
			name = "[CP] Check Pods Manifest.lock";
			outputFileListPaths = (
			);
			outputPaths = (
				"$(DERIVED_FILE_DIR)/Pods-StocksApp-checkManifestLockResult.txt",
			);
			runOnlyForDeploymentPostprocessing = 0;
			shellPath = /bin/sh;
			shellScript = "diff \"${PODS_PODFILE_DIR_PATH}/Podfile.lock\" \"${PODS_ROOT}/Manifest.lock\" > /dev/null\nif [ $? != 0 ] ; then\n    # print error to STDERR\n    echo \"error: The sandbox is not in sync with the Podfile.lock. Run 'pod install' or update your CocoaPods installation.\" >&2\n    exit 1\nfi\n# This output is used by Xcode 'outputs' to avoid re-running this script phase.\necho \"SUCCESS\" > \"${SCRIPT_OUTPUT_FILE_0}\"\n";
			showEnvVarsInLog = 0;
		};
		ECDEEAFCE6446BD09DC3AD50 /* [CP] Embed Pods Frameworks */ = {
			isa = PBXShellScriptBuildPhase;
			buildActionMask = 2147483647;
			files = (
			);
			inputFileListPaths = (
				"${PODS_ROOT}/Target Support Files/Pods-StocksApp/Pods-StocksApp-frameworks-${CONFIGURATION}-input-files.xcfilelist",
			);
			name = "[CP] Embed Pods Frameworks";
			outputFileListPaths = (
				"${PODS_ROOT}/Target Support Files/Pods-StocksApp/Pods-StocksApp-frameworks-${CONFIGURATION}-output-files.xcfilelist",
			);
			runOnlyForDeploymentPostprocessing = 0;
			shellPath = /bin/sh;
			shellScript = "\"${PODS_ROOT}/Target Support Files/Pods-StocksApp/Pods-StocksApp-frameworks.sh\"\n";
			showEnvVarsInLog = 0;
		};
/* End PBXShellScriptBuildPhase section */

/* Begin PBXSourcesBuildPhase section */
		5C2F704F25F7F43A007C613A /* Sources */ = {
			isa = PBXSourcesBuildPhase;
			buildActionMask = 2147483647;
			files = (
				5CCB0567260899D700B658E5 /* DetailViewController.swift in Sources */,
				5C2F705B25F7F43A007C613A /* MainViewController.swift in Sources */,
				5CAEBA262608FC4000280A11 /* Provider.swift in Sources */,
				5CAEBA4D260BBD8300280A11 /* FHResolution.swift in Sources */,
				5C2F705725F7F43A007C613A /* AppDelegate.swift in Sources */,
				5CA8978225FA9A5F001D5860 /* StockModel.swift in Sources */,
				5C2F707725F7F80C007C613A /* StockCell.swift in Sources */,
				5C2450102605E4FA00DDC91E /* FHQuote.swift in Sources */,
				5C24500E2605E4FA00DDC91E /* FHStock.swift in Sources */,
				5C2450192605F65300DDC91E /* SearchViewController.swift in Sources */,
				5C2F705925F7F43A007C613A /* SceneDelegate.swift in Sources */,
				5CAEBA42260A693000280A11 /* FHStockCandles.swift in Sources */,
				5CAEBA3326090B6900280A11 /* StockItem.swift in Sources */,
				5C24500F2605E4FA00DDC91E /* FHCompanyInfo.swift in Sources */,
				5C2F707E25F7F8BB007C613A /* Constants.swift in Sources */,
				5C2F708125F82774007C613A /* FHProvider.swift in Sources */,
			);
			runOnlyForDeploymentPostprocessing = 0;
		};
/* End PBXSourcesBuildPhase section */

/* Begin PBXVariantGroup section */
		5C2F705C25F7F43A007C613A /* Main.storyboard */ = {
			isa = PBXVariantGroup;
			children = (
				5C2F705D25F7F43A007C613A /* Base */,
			);
			name = Main.storyboard;
			sourceTree = "<group>";
		};
		5C2F706125F7F43B007C613A /* LaunchScreen.storyboard */ = {
			isa = PBXVariantGroup;
			children = (
				5C2F706225F7F43B007C613A /* Base */,
			);
			name = LaunchScreen.storyboard;
			sourceTree = "<group>";
		};
/* End PBXVariantGroup section */

/* Begin XCBuildConfiguration section */
		5C2F706525F7F43B007C613A /* Debug */ = {
			isa = XCBuildConfiguration;
			buildSettings = {
				ALWAYS_SEARCH_USER_PATHS = NO;
				CLANG_ANALYZER_NONNULL = YES;
				CLANG_ANALYZER_NUMBER_OBJECT_CONVERSION = YES_AGGRESSIVE;
				CLANG_CXX_LANGUAGE_STANDARD = "gnu++14";
				CLANG_CXX_LIBRARY = "libc++";
				CLANG_ENABLE_MODULES = YES;
				CLANG_ENABLE_OBJC_ARC = YES;
				CLANG_ENABLE_OBJC_WEAK = YES;
				CLANG_WARN_BLOCK_CAPTURE_AUTORELEASING = YES;
				CLANG_WARN_BOOL_CONVERSION = YES;
				CLANG_WARN_COMMA = YES;
				CLANG_WARN_CONSTANT_CONVERSION = YES;
				CLANG_WARN_DEPRECATED_OBJC_IMPLEMENTATIONS = YES;
				CLANG_WARN_DIRECT_OBJC_ISA_USAGE = YES_ERROR;
				CLANG_WARN_DOCUMENTATION_COMMENTS = YES;
				CLANG_WARN_EMPTY_BODY = YES;
				CLANG_WARN_ENUM_CONVERSION = YES;
				CLANG_WARN_INFINITE_RECURSION = YES;
				CLANG_WARN_INT_CONVERSION = YES;
				CLANG_WARN_NON_LITERAL_NULL_CONVERSION = YES;
				CLANG_WARN_OBJC_IMPLICIT_RETAIN_SELF = YES;
				CLANG_WARN_OBJC_LITERAL_CONVERSION = YES;
				CLANG_WARN_OBJC_ROOT_CLASS = YES_ERROR;
				CLANG_WARN_QUOTED_INCLUDE_IN_FRAMEWORK_HEADER = YES;
				CLANG_WARN_RANGE_LOOP_ANALYSIS = YES;
				CLANG_WARN_STRICT_PROTOTYPES = YES;
				CLANG_WARN_SUSPICIOUS_MOVE = YES;
				CLANG_WARN_UNGUARDED_AVAILABILITY = YES_AGGRESSIVE;
				CLANG_WARN_UNREACHABLE_CODE = YES;
				CLANG_WARN__DUPLICATE_METHOD_MATCH = YES;
				COPY_PHASE_STRIP = NO;
				DEBUG_INFORMATION_FORMAT = dwarf;
				ENABLE_STRICT_OBJC_MSGSEND = YES;
				ENABLE_TESTABILITY = YES;
				GCC_C_LANGUAGE_STANDARD = gnu11;
				GCC_DYNAMIC_NO_PIC = NO;
				GCC_NO_COMMON_BLOCKS = YES;
				GCC_OPTIMIZATION_LEVEL = 0;
				GCC_PREPROCESSOR_DEFINITIONS = (
					"DEBUG=1",
					"$(inherited)",
				);
				GCC_WARN_64_TO_32_BIT_CONVERSION = YES;
				GCC_WARN_ABOUT_RETURN_TYPE = YES_ERROR;
				GCC_WARN_UNDECLARED_SELECTOR = YES;
				GCC_WARN_UNINITIALIZED_AUTOS = YES_AGGRESSIVE;
				GCC_WARN_UNUSED_FUNCTION = YES;
				GCC_WARN_UNUSED_VARIABLE = YES;
				IPHONEOS_DEPLOYMENT_TARGET = 14.4;
				MTL_ENABLE_DEBUG_INFO = INCLUDE_SOURCE;
				MTL_FAST_MATH = YES;
				ONLY_ACTIVE_ARCH = YES;
				SDKROOT = iphoneos;
				SWIFT_ACTIVE_COMPILATION_CONDITIONS = DEBUG;
				SWIFT_OPTIMIZATION_LEVEL = "-Onone";
			};
			name = Debug;
		};
		5C2F706625F7F43B007C613A /* Release */ = {
			isa = XCBuildConfiguration;
			buildSettings = {
				ALWAYS_SEARCH_USER_PATHS = NO;
				CLANG_ANALYZER_NONNULL = YES;
				CLANG_ANALYZER_NUMBER_OBJECT_CONVERSION = YES_AGGRESSIVE;
				CLANG_CXX_LANGUAGE_STANDARD = "gnu++14";
				CLANG_CXX_LIBRARY = "libc++";
				CLANG_ENABLE_MODULES = YES;
				CLANG_ENABLE_OBJC_ARC = YES;
				CLANG_ENABLE_OBJC_WEAK = YES;
				CLANG_WARN_BLOCK_CAPTURE_AUTORELEASING = YES;
				CLANG_WARN_BOOL_CONVERSION = YES;
				CLANG_WARN_COMMA = YES;
				CLANG_WARN_CONSTANT_CONVERSION = YES;
				CLANG_WARN_DEPRECATED_OBJC_IMPLEMENTATIONS = YES;
				CLANG_WARN_DIRECT_OBJC_ISA_USAGE = YES_ERROR;
				CLANG_WARN_DOCUMENTATION_COMMENTS = YES;
				CLANG_WARN_EMPTY_BODY = YES;
				CLANG_WARN_ENUM_CONVERSION = YES;
				CLANG_WARN_INFINITE_RECURSION = YES;
				CLANG_WARN_INT_CONVERSION = YES;
				CLANG_WARN_NON_LITERAL_NULL_CONVERSION = YES;
				CLANG_WARN_OBJC_IMPLICIT_RETAIN_SELF = YES;
				CLANG_WARN_OBJC_LITERAL_CONVERSION = YES;
				CLANG_WARN_OBJC_ROOT_CLASS = YES_ERROR;
				CLANG_WARN_QUOTED_INCLUDE_IN_FRAMEWORK_HEADER = YES;
				CLANG_WARN_RANGE_LOOP_ANALYSIS = YES;
				CLANG_WARN_STRICT_PROTOTYPES = YES;
				CLANG_WARN_SUSPICIOUS_MOVE = YES;
				CLANG_WARN_UNGUARDED_AVAILABILITY = YES_AGGRESSIVE;
				CLANG_WARN_UNREACHABLE_CODE = YES;
				CLANG_WARN__DUPLICATE_METHOD_MATCH = YES;
				COPY_PHASE_STRIP = NO;
				DEBUG_INFORMATION_FORMAT = "dwarf-with-dsym";
				ENABLE_NS_ASSERTIONS = NO;
				ENABLE_STRICT_OBJC_MSGSEND = YES;
				GCC_C_LANGUAGE_STANDARD = gnu11;
				GCC_NO_COMMON_BLOCKS = YES;
				GCC_WARN_64_TO_32_BIT_CONVERSION = YES;
				GCC_WARN_ABOUT_RETURN_TYPE = YES_ERROR;
				GCC_WARN_UNDECLARED_SELECTOR = YES;
				GCC_WARN_UNINITIALIZED_AUTOS = YES_AGGRESSIVE;
				GCC_WARN_UNUSED_FUNCTION = YES;
				GCC_WARN_UNUSED_VARIABLE = YES;
				IPHONEOS_DEPLOYMENT_TARGET = 14.4;
				MTL_ENABLE_DEBUG_INFO = NO;
				MTL_FAST_MATH = YES;
				SDKROOT = iphoneos;
				SWIFT_COMPILATION_MODE = wholemodule;
				SWIFT_OPTIMIZATION_LEVEL = "-O";
				VALIDATE_PRODUCT = YES;
			};
			name = Release;
		};
		5C2F706825F7F43B007C613A /* Debug */ = {
			isa = XCBuildConfiguration;
			baseConfigurationReference = 3BA08C0555C4C02C303A5353 /* Pods-StocksApp.debug.xcconfig */;
			buildSettings = {
				ASSETCATALOG_COMPILER_APPICON_NAME = AppIcon;
				ASSETCATALOG_COMPILER_GLOBAL_ACCENT_COLOR_NAME = AccentColor;
				CODE_SIGN_STYLE = Automatic;
				DEVELOPMENT_TEAM = 34LPHPDCF6;
				INFOPLIST_FILE = StocksApp/Info.plist;
				LD_RUNPATH_SEARCH_PATHS = (
					"$(inherited)",
					"@executable_path/Frameworks",
				);
				PRODUCT_BUNDLE_IDENTIFIER = com.daniyar.StocksApp;
				PRODUCT_NAME = "$(TARGET_NAME)";
				SWIFT_VERSION = 5.0;
				TARGETED_DEVICE_FAMILY = "1,2";
			};
			name = Debug;
		};
		5C2F706925F7F43B007C613A /* Release */ = {
			isa = XCBuildConfiguration;
			baseConfigurationReference = AD0E2097A3442F0476048AF5 /* Pods-StocksApp.release.xcconfig */;
			buildSettings = {
				ASSETCATALOG_COMPILER_APPICON_NAME = AppIcon;
				ASSETCATALOG_COMPILER_GLOBAL_ACCENT_COLOR_NAME = AccentColor;
				CODE_SIGN_STYLE = Automatic;
				DEVELOPMENT_TEAM = 34LPHPDCF6;
				INFOPLIST_FILE = StocksApp/Info.plist;
				LD_RUNPATH_SEARCH_PATHS = (
					"$(inherited)",
					"@executable_path/Frameworks",
				);
				PRODUCT_BUNDLE_IDENTIFIER = com.daniyar.StocksApp;
				PRODUCT_NAME = "$(TARGET_NAME)";
				SWIFT_VERSION = 5.0;
				TARGETED_DEVICE_FAMILY = "1,2";
			};
			name = Release;
		};
/* End XCBuildConfiguration section */

/* Begin XCConfigurationList section */
		5C2F704E25F7F43A007C613A /* Build configuration list for PBXProject "StocksApp" */ = {
			isa = XCConfigurationList;
			buildConfigurations = (
				5C2F706525F7F43B007C613A /* Debug */,
				5C2F706625F7F43B007C613A /* Release */,
			);
			defaultConfigurationIsVisible = 0;
			defaultConfigurationName = Release;
		};
		5C2F706725F7F43B007C613A /* Build configuration list for PBXNativeTarget "StocksApp" */ = {
			isa = XCConfigurationList;
			buildConfigurations = (
				5C2F706825F7F43B007C613A /* Debug */,
				5C2F706925F7F43B007C613A /* Release */,
			);
			defaultConfigurationIsVisible = 0;
			defaultConfigurationName = Release;
		};
/* End XCConfigurationList section */
	};
	rootObject = 5C2F704B25F7F43A007C613A /* Project object */;
}
